
Microsoft Visual Studio Solution File, Format Version 12.00
# Visual Studio Version 17
VisualStudioVersion = 17.7.34031.279
MinimumVisualStudioVersion = 10.0.40219.1
Project("{FAE04EC0-301F-11D3-BF4B-00C04F79EFBC}") = "laPiadineriaAPI", "laPiadineriaAPI\laPiadineriaAPI.csproj", "{DDDD3E58-AF64-4B58-A808-BCD0A1EDDEEB}"
EndProject
Global
	GlobalSection(SolutionConfigurationPlatforms) = preSolution
		Debug|Any CPU = Debug|Any CPU
		Release|Any CPU = Release|Any CPU
	EndGlobalSection
	GlobalSection(ProjectConfigurationPlatforms) = postSolution
		{DDDD3E58-AF64-4B58-A808-BCD0A1EDDEEB}.Debug|Any CPU.ActiveCfg = Debug|Any CPU
		{DDDD3E58-AF64-4B58-A808-BCD0A1EDDEEB}.Debug|Any CPU.Build.0 = Debug|Any CPU
		{DDDD3E58-AF64-4B58-A808-BCD0A1EDDEEB}.Release|Any CPU.ActiveCfg = Release|Any CPU
		{DDDD3E58-AF64-4B58-A808-BCD0A1EDDEEB}.Release|Any CPU.Build.0 = Release|Any CPU
	EndGlobalSection
	GlobalSection(SolutionProperties) = preSolution
		HideSolutionNode = FALSE
	EndGlobalSection
	GlobalSection(ExtensibilityGlobals) = postSolution
		SolutionGuid = {A4E9FFEB-AF4A-457D-86F8-2DB326C6ADEA}
	EndGlobalSection
EndGlobal
