
Microsoft Visual Studio Solution File, Format Version 12.00
# Visual Studio Version 17
VisualStudioVersion = 17.6.33829.357
MinimumVisualStudioVersion = 10.0.40219.1
Project("{FAE04EC0-301F-11D3-BF4B-00C04F79EFBC}") = "DirittiUmaniUnioneEuropea", "DirittiUmaniUnioneEuropea\DirittiUmaniUnioneEuropea.csproj", "{30925581-25B9-417F-8019-629E3DE124C5}"
EndProject
Global
	GlobalSection(SolutionConfigurationPlatforms) = preSolution
		Debug|Any CPU = Debug|Any CPU
		Release|Any CPU = Release|Any CPU
	EndGlobalSection
	GlobalSection(ProjectConfigurationPlatforms) = postSolution
		{30925581-25B9-417F-8019-629E3DE124C5}.Debug|Any CPU.ActiveCfg = Debug|Any CPU
		{30925581-25B9-417F-8019-629E3DE124C5}.Debug|Any CPU.Build.0 = Debug|Any CPU
		{30925581-25B9-417F-8019-629E3DE124C5}.Release|Any CPU.ActiveCfg = Release|Any CPU
		{30925581-25B9-417F-8019-629E3DE124C5}.Release|Any CPU.Build.0 = Release|Any CPU
	EndGlobalSection
	GlobalSection(SolutionProperties) = preSolution
		HideSolutionNode = FALSE
	EndGlobalSection
	GlobalSection(ExtensibilityGlobals) = postSolution
		SolutionGuid = {9E047C5C-B48B-4641-AE64-226E27AD68AE}
	EndGlobalSection
EndGlobal
