
Microsoft Visual Studio Solution File, Format Version 12.00
# Visual Studio Version 17
VisualStudioVersion = 17.7.34031.279
MinimumVisualStudioVersion = 10.0.40219.1
Project("{FAE04EC0-301F-11D3-BF4B-00C04F79EFBC}") = "LaPiadineriaApi", "LaPiadineria\LaPiadineriaApi.csproj", "{17C3A820-6514-458E-A946-CADE532713AA}"
EndProject
Global
	GlobalSection(SolutionConfigurationPlatforms) = preSolution
		Debug|Any CPU = Debug|Any CPU
		Release|Any CPU = Release|Any CPU
	EndGlobalSection
	GlobalSection(ProjectConfigurationPlatforms) = postSolution
		{17C3A820-6514-458E-A946-CADE532713AA}.Debug|Any CPU.ActiveCfg = Debug|Any CPU
		{17C3A820-6514-458E-A946-CADE532713AA}.Debug|Any CPU.Build.0 = Debug|Any CPU
		{17C3A820-6514-458E-A946-CADE532713AA}.Release|Any CPU.ActiveCfg = Release|Any CPU
		{17C3A820-6514-458E-A946-CADE532713AA}.Release|Any CPU.Build.0 = Release|Any CPU
	EndGlobalSection
	GlobalSection(SolutionProperties) = preSolution
		HideSolutionNode = FALSE
	EndGlobalSection
	GlobalSection(ExtensibilityGlobals) = postSolution
		SolutionGuid = {40A00363-596C-4699-B716-AB4A8C6F32B0}
	EndGlobalSection
EndGlobal
