
Microsoft Visual Studio Solution File, Format Version 12.00
# Visual Studio Version 17
VisualStudioVersion = 17.6.33829.357
MinimumVisualStudioVersion = 10.0.40219.1
Project("{FAE04EC0-301F-11D3-BF4B-00C04F79EFBC}") = "ReportWriter", "ReportWriter\ReportWriter.csproj", "{A97E69E9-AA78-4A72-80D7-9D52230E36BC}"
EndProject
Global
	GlobalSection(SolutionConfigurationPlatforms) = preSolution
		Debug|Any CPU = Debug|Any CPU
		Release|Any CPU = Release|Any CPU
	EndGlobalSection
	GlobalSection(ProjectConfigurationPlatforms) = postSolution
		{A97E69E9-AA78-4A72-80D7-9D52230E36BC}.Debug|Any CPU.ActiveCfg = Debug|Any CPU
		{A97E69E9-AA78-4A72-80D7-9D52230E36BC}.Debug|Any CPU.Build.0 = Debug|Any CPU
		{A97E69E9-AA78-4A72-80D7-9D52230E36BC}.Release|Any CPU.ActiveCfg = Release|Any CPU
		{A97E69E9-AA78-4A72-80D7-9D52230E36BC}.Release|Any CPU.Build.0 = Release|Any CPU
	EndGlobalSection
	GlobalSection(SolutionProperties) = preSolution
		HideSolutionNode = FALSE
	EndGlobalSection
	GlobalSection(ExtensibilityGlobals) = postSolution
		SolutionGuid = {1BFCC0BE-DBA4-4790-B6AF-2DD3C49FFA07}
	EndGlobalSection
EndGlobal
